
Microsoft Visual Studio Solution File, Format Version 12.00
# Visual Studio Version 17
VisualStudioVersion = 17.3.32901.215
MinimumVisualStudioVersion = 10.0.40219.1
Project("{FAE04EC0-301F-11D3-BF4B-00C04F79EFBC}") = "PermissionControl", "PermissionControl\PermissionControl.csproj", "{D79DA795-E814-40CC-97EF-F565588DEF11}"
EndProject
Global
	GlobalSection(SolutionConfigurationPlatforms) = preSolution
		Debug|Any CPU = Debug|Any CPU
		Release|Any CPU = Release|Any CPU
	EndGlobalSection
	GlobalSection(ProjectConfigurationPlatforms) = postSolution
		{D79DA795-E814-40CC-97EF-F565588DEF11}.Debug|Any CPU.ActiveCfg = Debug|Any CPU
		{D79DA795-E814-40CC-97EF-F565588DEF11}.Debug|Any CPU.Build.0 = Debug|Any CPU
		{D79DA795-E814-40CC-97EF-F565588DEF11}.Release|Any CPU.ActiveCfg = Release|Any CPU
		{D79DA795-E814-40CC-97EF-F565588DEF11}.Release|Any CPU.Build.0 = Release|Any CPU
	EndGlobalSection
	GlobalSection(SolutionProperties) = preSolution
		HideSolutionNode = FALSE
	EndGlobalSection
	GlobalSection(ExtensibilityGlobals) = postSolution
		SolutionGuid = {0FA7964F-0F39-494A-B41E-908702D200BF}
	EndGlobalSection
EndGlobal
